// !$*UTF8*$!
{
	archiveVersion = 1;
	classes = {
	};
	objectVersion = 46;
	objects = {

/* Begin PBXBuildFile section */
		373FD9AB190715650094E084 /* ExerciseTableViewCell.m in Sources */ = {isa = PBXBuildFile; fileRef = 373FD9AA190715650094E084 /* ExerciseTableViewCell.m */; };
		37773BA31909AC9C009ED3B5 /* Localizable.strings in Resources */ = {isa = PBXBuildFile; fileRef = 37773BA51909AC9C009ED3B5 /* Localizable.strings */; };
		37C676FB18FC798500D7644F /* Foundation.framework in Frameworks */ = {isa = PBXBuildFile; fileRef = 37C676FA18FC798500D7644F /* Foundation.framework */; };
		37C676FD18FC798500D7644F /* CoreGraphics.framework in Frameworks */ = {isa = PBXBuildFile; fileRef = 37C676FC18FC798500D7644F /* CoreGraphics.framework */; };
		37C676FF18FC798500D7644F /* UIKit.framework in Frameworks */ = {isa = PBXBuildFile; fileRef = 37C676FE18FC798500D7644F /* UIKit.framework */; };
		37C6770518FC798500D7644F /* InfoPlist.strings in Resources */ = {isa = PBXBuildFile; fileRef = 37C6770318FC798500D7644F /* InfoPlist.strings */; };
		37C6770718FC798500D7644F /* main.m in Sources */ = {isa = PBXBuildFile; fileRef = 37C6770618FC798500D7644F /* main.m */; };
		37C6770B18FC798500D7644F /* AppDelegate.m in Sources */ = {isa = PBXBuildFile; fileRef = 37C6770A18FC798500D7644F /* AppDelegate.m */; };
		37C6770E18FC798500D7644F /* Main.storyboard in Resources */ = {isa = PBXBuildFile; fileRef = 37C6770C18FC798500D7644F /* Main.storyboard */; };
		37C6771118FC798500D7644F /* ViewController.m in Sources */ = {isa = PBXBuildFile; fileRef = 37C6771018FC798500D7644F /* ViewController.m */; };
		37C6771318FC798500D7644F /* Images.xcassets in Resources */ = {isa = PBXBuildFile; fileRef = 37C6771218FC798500D7644F /* Images.xcassets */; };
		37C6771A18FC798500D7644F /* XCTest.framework in Frameworks */ = {isa = PBXBuildFile; fileRef = 37C6771918FC798500D7644F /* XCTest.framework */; };
		37C6771B18FC798500D7644F /* Foundation.framework in Frameworks */ = {isa = PBXBuildFile; fileRef = 37C676FA18FC798500D7644F /* Foundation.framework */; };
		37C6771C18FC798500D7644F /* UIKit.framework in Frameworks */ = {isa = PBXBuildFile; fileRef = 37C676FE18FC798500D7644F /* UIKit.framework */; };
		37C6772418FC798500D7644F /* InfoPlist.strings in Resources */ = {isa = PBXBuildFile; fileRef = 37C6772218FC798500D7644F /* InfoPlist.strings */; };
		37C6772618FC798500D7644F /* RepetitionsTests.m in Sources */ = {isa = PBXBuildFile; fileRef = 37C6772518FC798500D7644F /* RepetitionsTests.m */; };
		37C6773418FC7DCE00D7644F /* Exercise.m in Sources */ = {isa = PBXBuildFile; fileRef = 37C6773318FC7DCE00D7644F /* Exercise.m */; };
/* End PBXBuildFile section */

/* Begin PBXContainerItemProxy section */
		37C6771D18FC798500D7644F /* PBXContainerItemProxy */ = {
			isa = PBXContainerItemProxy;
			containerPortal = 37C676EF18FC798500D7644F /* Project object */;
			proxyType = 1;
			remoteGlobalIDString = 37C676F618FC798500D7644F;
			remoteInfo = Repetitions;
		};
/* End PBXContainerItemProxy section */

/* Begin PBXFileReference section */
		373FD9A9190715650094E084 /* ExerciseTableViewCell.h */ = {isa = PBXFileReference; fileEncoding = 4; lastKnownFileType = sourcecode.c.h; path = ExerciseTableViewCell.h; sourceTree = "<group>"; };
		373FD9AA190715650094E084 /* ExerciseTableViewCell.m */ = {isa = PBXFileReference; fileEncoding = 4; lastKnownFileType = sourcecode.c.objc; path = ExerciseTableViewCell.m; sourceTree = "<group>"; };
		37773B9F1909AA0A009ED3B5 /* ga */ = {isa = PBXFileReference; lastKnownFileType = text.plist.strings; name = ga; path = ga.lproj/InfoPlist.strings; sourceTree = "<group>"; };
		37773BA01909AA0A009ED3B5 /* ga */ = {isa = PBXFileReference; lastKnownFileType = text.plist.strings; name = ga; path = ga.lproj/InfoPlist.strings; sourceTree = "<group>"; };
		37773BA41909AC9C009ED3B5 /* Base */ = {isa = PBXFileReference; lastKnownFileType = text.plist.strings; name = Base; path = Base.lproj/Localizable.strings; sourceTree = "<group>"; };
		37773BA61909AC9E009ED3B5 /* ga */ = {isa = PBXFileReference; lastKnownFileType = text.plist.strings; name = ga; path = ga.lproj/Localizable.strings; sourceTree = "<group>"; };
		37773BAA1909CA04009ED3B5 /* ga */ = {isa = PBXFileReference; lastKnownFileType = text.plist.strings; name = ga; path = ga.lproj/Main.strings; sourceTree = "<group>"; };
		37C676F718FC798500D7644F /* Repetitions.app */ = {isa = PBXFileReference; explicitFileType = wrapper.application; includeInIndex = 0; path = Repetitions.app; sourceTree = BUILT_PRODUCTS_DIR; };
		37C676FA18FC798500D7644F /* Foundation.framework */ = {isa = PBXFileReference; lastKnownFileType = wrapper.framework; name = Foundation.framework; path = System/Library/Frameworks/Foundation.framework; sourceTree = SDKROOT; };
		37C676FC18FC798500D7644F /* CoreGraphics.framework */ = {isa = PBXFileReference; lastKnownFileType = wrapper.framework; name = CoreGraphics.framework; path = System/Library/Frameworks/CoreGraphics.framework; sourceTree = SDKROOT; };
		37C676FE18FC798500D7644F /* UIKit.framework */ = {isa = PBXFileReference; lastKnownFileType = wrapper.framework; name = UIKit.framework; path = System/Library/Frameworks/UIKit.framework; sourceTree = SDKROOT; };
		37C6770218FC798500D7644F /* Repetitions-Info.plist */ = {isa = PBXFileReference; lastKnownFileType = text.plist.xml; path = "Repetitions-Info.plist"; sourceTree = "<group>"; };
		37C6770418FC798500D7644F /* en */ = {isa = PBXFileReference; lastKnownFileType = text.plist.strings; name = en; path = en.lproj/InfoPlist.strings; sourceTree = "<group>"; };
		37C6770618FC798500D7644F /* main.m */ = {isa = PBXFileReference; lastKnownFileType = sourcecode.c.objc; path = main.m; sourceTree = "<group>"; };
		37C6770818FC798500D7644F /* Repetitions-Prefix.pch */ = {isa = PBXFileReference; lastKnownFileType = sourcecode.c.h; path = "Repetitions-Prefix.pch"; sourceTree = "<group>"; };
		37C6770918FC798500D7644F /* AppDelegate.h */ = {isa = PBXFileReference; lastKnownFileType = sourcecode.c.h; path = AppDelegate.h; sourceTree = "<group>"; };
		37C6770A18FC798500D7644F /* AppDelegate.m */ = {isa = PBXFileReference; lastKnownFileType = sourcecode.c.objc; path = AppDelegate.m; sourceTree = "<group>"; };
		37C6770D18FC798500D7644F /* Base */ = {isa = PBXFileReference; lastKnownFileType = file.storyboard; name = Base; path = Base.lproj/Main.storyboard; sourceTree = "<group>"; };
		37C6770F18FC798500D7644F /* ViewController.h */ = {isa = PBXFileReference; lastKnownFileType = sourcecode.c.h; path = ViewController.h; sourceTree = "<group>"; };
		37C6771018FC798500D7644F /* ViewController.m */ = {isa = PBXFileReference; lastKnownFileType = sourcecode.c.objc; path = ViewController.m; sourceTree = "<group>"; };
		37C6771218FC798500D7644F /* Images.xcassets */ = {isa = PBXFileReference; lastKnownFileType = folder.assetcatalog; path = Images.xcassets; sourceTree = "<group>"; };
		37C6771818FC798500D7644F /* RepetitionsTests.xctest */ = {isa = PBXFileReference; explicitFileType = wrapper.cfbundle; includeInIndex = 0; path = RepetitionsTests.xctest; sourceTree = BUILT_PRODUCTS_DIR; };
		37C6771918FC798500D7644F /* XCTest.framework */ = {isa = PBXFileReference; lastKnownFileType = wrapper.framework; name = XCTest.framework; path = Library/Frameworks/XCTest.framework; sourceTree = DEVELOPER_DIR; };
		37C6772118FC798500D7644F /* RepetitionsTests-Info.plist */ = {isa = PBXFileReference; lastKnownFileType = text.plist.xml; path = "RepetitionsTests-Info.plist"; sourceTree = "<group>"; };
		37C6772318FC798500D7644F /* en */ = {isa = PBXFileReference; lastKnownFileType = text.plist.strings; name = en; path = en.lproj/InfoPlist.strings; sourceTree = "<group>"; };
		37C6772518FC798500D7644F /* RepetitionsTests.m */ = {isa = PBXFileReference; lastKnownFileType = sourcecode.c.objc; path = RepetitionsTests.m; sourceTree = "<group>"; };
		37C6773218FC7DCE00D7644F /* Exercise.h */ = {isa = PBXFileReference; fileEncoding = 4; lastKnownFileType = sourcecode.c.h; path = Exercise.h; sourceTree = "<group>"; };
		37C6773318FC7DCE00D7644F /* Exercise.m */ = {isa = PBXFileReference; fileEncoding = 4; lastKnownFileType = sourcecode.c.objc; path = Exercise.m; sourceTree = "<group>"; };
/* End PBXFileReference section */

/* Begin PBXFrameworksBuildPhase section */
		37C676F418FC798500D7644F /* Frameworks */ = {
			isa = PBXFrameworksBuildPhase;
			buildActionMask = 2147483647;
			files = (
				37C676FD18FC798500D7644F /* CoreGraphics.framework in Frameworks */,
				37C676FF18FC798500D7644F /* UIKit.framework in Frameworks */,
				37C676FB18FC798500D7644F /* Foundation.framework in Frameworks */,
			);
			runOnlyForDeploymentPostprocessing = 0;
		};
		37C6771518FC798500D7644F /* Frameworks */ = {
			isa = PBXFrameworksBuildPhase;
			buildActionMask = 2147483647;
			files = (
				37C6771A18FC798500D7644F /* XCTest.framework in Frameworks */,
				37C6771C18FC798500D7644F /* UIKit.framework in Frameworks */,
				37C6771B18FC798500D7644F /* Foundation.framework in Frameworks */,
			);
			runOnlyForDeploymentPostprocessing = 0;
		};
/* End PBXFrameworksBuildPhase section */

/* Begin PBXGroup section */
		37C676EE18FC798500D7644F = {
			isa = PBXGroup;
			children = (
				37C6770018FC798500D7644F /* Repetitions */,
				37C6771F18FC798500D7644F /* RepetitionsTests */,
				37C676F918FC798500D7644F /* Frameworks */,
				37C676F818FC798500D7644F /* Products */,
			);
			sourceTree = "<group>";
		};
		37C676F818FC798500D7644F /* Products */ = {
			isa = PBXGroup;
			children = (
				37C676F718FC798500D7644F /* Repetitions.app */,
				37C6771818FC798500D7644F /* RepetitionsTests.xctest */,
			);
			name = Products;
			sourceTree = "<group>";
		};
		37C676F918FC798500D7644F /* Frameworks */ = {
			isa = PBXGroup;
			children = (
				37C676FA18FC798500D7644F /* Foundation.framework */,
				37C676FC18FC798500D7644F /* CoreGraphics.framework */,
				37C676FE18FC798500D7644F /* UIKit.framework */,
				37C6771918FC798500D7644F /* XCTest.framework */,
			);
			name = Frameworks;
			sourceTree = "<group>";
		};
		37C6770018FC798500D7644F /* Repetitions */ = {
			isa = PBXGroup;
			children = (
				37C6770918FC798500D7644F /* AppDelegate.h */,
				37C6770A18FC798500D7644F /* AppDelegate.m */,
				37C6773218FC7DCE00D7644F /* Exercise.h */,
				37C6773318FC7DCE00D7644F /* Exercise.m */,
				37C6770C18FC798500D7644F /* Main.storyboard */,
				37C6770F18FC798500D7644F /* ViewController.h */,
				37C6771018FC798500D7644F /* ViewController.m */,
				37C6771218FC798500D7644F /* Images.xcassets */,
				37C6770118FC798500D7644F /* Supporting Files */,
				373FD9A9190715650094E084 /* ExerciseTableViewCell.h */,
				373FD9AA190715650094E084 /* ExerciseTableViewCell.m */,
				37773BA51909AC9C009ED3B5 /* Localizable.strings */,
			);
			path = Repetitions;
			sourceTree = "<group>";
		};
		37C6770118FC798500D7644F /* Supporting Files */ = {
			isa = PBXGroup;
			children = (
				37C6770218FC798500D7644F /* Repetitions-Info.plist */,
				37C6770318FC798500D7644F /* InfoPlist.strings */,
				37C6770618FC798500D7644F /* main.m */,
				37C6770818FC798500D7644F /* Repetitions-Prefix.pch */,
			);
			name = "Supporting Files";
			sourceTree = "<group>";
		};
		37C6771F18FC798500D7644F /* RepetitionsTests */ = {
			isa = PBXGroup;
			children = (
				37C6772518FC798500D7644F /* RepetitionsTests.m */,
				37C6772018FC798500D7644F /* Supporting Files */,
			);
			path = RepetitionsTests;
			sourceTree = "<group>";
		};
		37C6772018FC798500D7644F /* Supporting Files */ = {
			isa = PBXGroup;
			children = (
				37C6772118FC798500D7644F /* RepetitionsTests-Info.plist */,
				37C6772218FC798500D7644F /* InfoPlist.strings */,
			);
			name = "Supporting Files";
			sourceTree = "<group>";
		};
/* End PBXGroup section */

/* Begin PBXNativeTarget section */
		37C676F618FC798500D7644F /* Repetitions */ = {
			isa = PBXNativeTarget;
			buildConfigurationList = 37C6772918FC798500D7644F /* Build configuration list for PBXNativeTarget "Repetitions" */;
			buildPhases = (
				37C676F318FC798500D7644F /* Sources */,
				37C676F418FC798500D7644F /* Frameworks */,
				37C676F518FC798500D7644F /* Resources */,
			);
			buildRules = (
			);
			dependencies = (
			);
			name = Repetitions;
			productName = Repetitions;
			productReference = 37C676F718FC798500D7644F /* Repetitions.app */;
			productType = "com.apple.product-type.application";
		};
		37C6771718FC798500D7644F /* RepetitionsTests */ = {
			isa = PBXNativeTarget;
			buildConfigurationList = 37C6772C18FC798500D7644F /* Build configuration list for PBXNativeTarget "RepetitionsTests" */;
			buildPhases = (
				37C6771418FC798500D7644F /* Sources */,
				37C6771518FC798500D7644F /* Frameworks */,
				37C6771618FC798500D7644F /* Resources */,
			);
			buildRules = (
			);
			dependencies = (
				37C6771E18FC798500D7644F /* PBXTargetDependency */,
			);
			name = RepetitionsTests;
			productName = RepetitionsTests;
			productReference = 37C6771818FC798500D7644F /* RepetitionsTests.xctest */;
			productType = "com.apple.product-type.bundle.unit-test";
		};
/* End PBXNativeTarget section */

/* Begin PBXProject section */
		37C676EF18FC798500D7644F /* Project object */ = {
			isa = PBXProject;
			attributes = {
				LastUpgradeCheck = 0510;
				ORGANIZATIONNAME = "Dan Sessions";
				TargetAttributes = {
					37C676F618FC798500D7644F = {
						DevelopmentTeam = QL8D9P64GK;
					};
					37C6771718FC798500D7644F = {
						TestTargetID = 37C676F618FC798500D7644F;
					};
				};
			};
			buildConfigurationList = 37C676F218FC798500D7644F /* Build configuration list for PBXProject "Repetitions" */;
			compatibilityVersion = "Xcode 3.2";
			developmentRegion = English;
			hasScannedForEncodings = 0;
			knownRegions = (
				en,
				Base,
				"ga-IE",
				ga,
			);
			mainGroup = 37C676EE18FC798500D7644F;
			productRefGroup = 37C676F818FC798500D7644F /* Products */;
			projectDirPath = "";
			projectRoot = "";
			targets = (
				37C676F618FC798500D7644F /* Repetitions */,
				37C6771718FC798500D7644F /* RepetitionsTests */,
			);
		};
/* End PBXProject section */

/* Begin PBXResourcesBuildPhase section */
		37C676F518FC798500D7644F /* Resources */ = {
			isa = PBXResourcesBuildPhase;
			buildActionMask = 2147483647;
			files = (
				37C6771318FC798500D7644F /* Images.xcassets in Resources */,
				37773BA31909AC9C009ED3B5 /* Localizable.strings in Resources */,
				37C6770518FC798500D7644F /* InfoPlist.strings in Resources */,
				37C6770E18FC798500D7644F /* Main.storyboard in Resources */,
			);
			runOnlyForDeploymentPostprocessing = 0;
		};
		37C6771618FC798500D7644F /* Resources */ = {
			isa = PBXResourcesBuildPhase;
			buildActionMask = 2147483647;
			files = (
				37C6772418FC798500D7644F /* InfoPlist.strings in Resources */,
			);
			runOnlyForDeploymentPostprocessing = 0;
		};
/* End PBXResourcesBuildPhase section */

/* Begin PBXSourcesBuildPhase section */
		37C676F318FC798500D7644F /* Sources */ = {
			isa = PBXSourcesBuildPhase;
			buildActionMask = 2147483647;
			files = (
				373FD9AB190715650094E084 /* ExerciseTableViewCell.m in Sources */,
				37C6771118FC798500D7644F /* ViewController.m in Sources */,
				37C6773418FC7DCE00D7644F /* Exercise.m in Sources */,
				37C6770B18FC798500D7644F /* AppDelegate.m in Sources */,
				37C6770718FC798500D7644F /* main.m in Sources */,
			);
			runOnlyForDeploymentPostprocessing = 0;
		};
		37C6771418FC798500D7644F /* Sources */ = {
			isa = PBXSourcesBuildPhase;
			buildActionMask = 2147483647;
			files = (
				37C6772618FC798500D7644F /* RepetitionsTests.m in Sources */,
			);
			runOnlyForDeploymentPostprocessing = 0;
		};
/* End PBXSourcesBuildPhase section */

/* Begin PBXTargetDependency section */
		37C6771E18FC798500D7644F /* PBXTargetDependency */ = {
			isa = PBXTargetDependency;
			target = 37C676F618FC798500D7644F /* Repetitions */;
			targetProxy = 37C6771D18FC798500D7644F /* PBXContainerItemProxy */;
		};
/* End PBXTargetDependency section */

/* Begin PBXVariantGroup section */
		37773BA51909AC9C009ED3B5 /* Localizable.strings */ = {
			isa = PBXVariantGroup;
			children = (
				37773BA41909AC9C009ED3B5 /* Base */,
				37773BA61909AC9E009ED3B5 /* ga */,
			);
			name = Localizable.strings;
			sourceTree = "<group>";
		};
		37C6770318FC798500D7644F /* InfoPlist.strings */ = {
			isa = PBXVariantGroup;
			children = (
				37C6770418FC798500D7644F /* en */,
				37773B9F1909AA0A009ED3B5 /* ga */,
			);
			name = InfoPlist.strings;
			sourceTree = "<group>";
		};
		37C6770C18FC798500D7644F /* Main.storyboard */ = {
			isa = PBXVariantGroup;
			children = (
				37C6770D18FC798500D7644F /* Base */,
				37773BAA1909CA04009ED3B5 /* ga */,
			);
			name = Main.storyboard;
			sourceTree = "<group>";
		};
		37C6772218FC798500D7644F /* InfoPlist.strings */ = {
			isa = PBXVariantGroup;
			children = (
				37C6772318FC798500D7644F /* en */,
				37773BA01909AA0A009ED3B5 /* ga */,
			);
			name = InfoPlist.strings;
			sourceTree = "<group>";
		};
/* End PBXVariantGroup section */

/* Begin XCBuildConfiguration section */
		37C6772718FC798500D7644F /* Debug */ = {
			isa = XCBuildConfiguration;
			buildSettings = {
				ALWAYS_SEARCH_USER_PATHS = NO;
				CLANG_CXX_LANGUAGE_STANDARD = "gnu++0x";
				CLANG_CXX_LIBRARY = "libc++";
				CLANG_ENABLE_MODULES = YES;
				CLANG_ENABLE_OBJC_ARC = YES;
				CLANG_WARN_BOOL_CONVERSION = YES;
				CLANG_WARN_CONSTANT_CONVERSION = YES;
				CLANG_WARN_DIRECT_OBJC_ISA_USAGE = YES_ERROR;
				CLANG_WARN_EMPTY_BODY = YES;
				CLANG_WARN_ENUM_CONVERSION = YES;
				CLANG_WARN_INT_CONVERSION = YES;
				CLANG_WARN_OBJC_ROOT_CLASS = YES_ERROR;
				CLANG_WARN__DUPLICATE_METHOD_MATCH = YES;
				"CODE_SIGN_IDENTITY[sdk=iphoneos*]" = "iPhone Developer";
				COPY_PHASE_STRIP = NO;
				GCC_C_LANGUAGE_STANDARD = gnu99;
				GCC_DYNAMIC_NO_PIC = NO;
				GCC_OPTIMIZATION_LEVEL = 0;
				GCC_PREPROCESSOR_DEFINITIONS = (
					"DEBUG=1",
					"$(inherited)",
				);
				GCC_SYMBOLS_PRIVATE_EXTERN = NO;
				GCC_WARN_64_TO_32_BIT_CONVERSION = YES;
				GCC_WARN_ABOUT_RETURN_TYPE = YES_ERROR;
				GCC_WARN_UNDECLARED_SELECTOR = YES;
				GCC_WARN_UNINITIALIZED_AUTOS = YES_AGGRESSIVE;
				GCC_WARN_UNUSED_FUNCTION = YES;
				GCC_WARN_UNUSED_VARIABLE = YES;
				IPHONEOS_DEPLOYMENT_TARGET = 7.1;
				ONLY_ACTIVE_ARCH = YES;
				SDKROOT = iphoneos;
			};
			name = Debug;
		};
		37C6772818FC798500D7644F /* Release */ = {
			isa = XCBuildConfiguration;
			buildSettings = {
				ALWAYS_SEARCH_USER_PATHS = NO;
				CLANG_CXX_LANGUAGE_STANDARD = "gnu++0x";
				CLANG_CXX_LIBRARY = "libc++";
				CLANG_ENABLE_MODULES = YES;
				CLANG_ENABLE_OBJC_ARC = YES;
				CLANG_WARN_BOOL_CONVERSION = YES;
				CLANG_WARN_CONSTANT_CONVERSION = YES;
				CLANG_WARN_DIRECT_OBJC_ISA_USAGE = YES_ERROR;
				CLANG_WARN_EMPTY_BODY = YES;
				CLANG_WARN_ENUM_CONVERSION = YES;
				CLANG_WARN_INT_CONVERSION = YES;
				CLANG_WARN_OBJC_ROOT_CLASS = YES_ERROR;
				CLANG_WARN__DUPLICATE_METHOD_MATCH = YES;
				"CODE_SIGN_IDENTITY[sdk=iphoneos*]" = "iPhone Developer";
				COPY_PHASE_STRIP = YES;
				ENABLE_NS_ASSERTIONS = NO;
				GCC_C_LANGUAGE_STANDARD = gnu99;
				GCC_WARN_64_TO_32_BIT_CONVERSION = YES;
				GCC_WARN_ABOUT_RETURN_TYPE = YES_ERROR;
				GCC_WARN_UNDECLARED_SELECTOR = YES;
				GCC_WARN_UNINITIALIZED_AUTOS = YES_AGGRESSIVE;
				GCC_WARN_UNUSED_FUNCTION = YES;
				GCC_WARN_UNUSED_VARIABLE = YES;
				IPHONEOS_DEPLOYMENT_TARGET = 7.1;
				SDKROOT = iphoneos;
				VALIDATE_PRODUCT = YES;
			};
			name = Release;
		};
		37C6772A18FC798500D7644F /* Debug */ = {
			isa = XCBuildConfiguration;
			buildSettings = {
				ASSETCATALOG_COMPILER_APPICON_NAME = AppIcon;
				ASSETCATALOG_COMPILER_LAUNCHIMAGE_NAME = LaunchImage;
				CODE_SIGN_IDENTITY = "iPhone Developer";
				GCC_PRECOMPILE_PREFIX_HEADER = YES;
				GCC_PREFIX_HEADER = "Repetitions/Repetitions-Prefix.pch";
				INFOPLIST_FILE = "Repetitions/Repetitions-Info.plist";
				PRODUCT_NAME = "$(TARGET_NAME)";
				WRAPPER_EXTENSION = app;
			};
			name = Debug;
		};
		37C6772B18FC798500D7644F /* Release */ = {
			isa = XCBuildConfiguration;
			buildSettings = {
				ASSETCATALOG_COMPILER_APPICON_NAME = AppIcon;
				ASSETCATALOG_COMPILER_LAUNCHIMAGE_NAME = LaunchImage;
				CODE_SIGN_IDENTITY = "iPhone Developer";
				GCC_PRECOMPILE_PREFIX_HEADER = YES;
				GCC_PREFIX_HEADER = "Repetitions/Repetitions-Prefix.pch";
				INFOPLIST_FILE = "Repetitions/Repetitions-Info.plist";
				PRODUCT_NAME = "$(TARGET_NAME)";
				WRAPPER_EXTENSION = app;
			};
			name = Release;
		};
		37C6772D18FC798500D7644F /* Debug */ = {
			isa = XCBuildConfiguration;
			buildSettings = {
				BUNDLE_LOADER = "$(BUILT_PRODUCTS_DIR)/Repetitions.app/Repetitions";
				FRAMEWORK_SEARCH_PATHS = (
					"$(SDKROOT)/Developer/Library/Frameworks",
					"$(inherited)",
					"$(DEVELOPER_FRAMEWORKS_DIR)",
				);
				GCC_PRECOMPILE_PREFIX_HEADER = YES;
				GCC_PREFIX_HEADER = "Repetitions/Repetitions-Prefix.pch";
				GCC_PREPROCESSOR_DEFINITIONS = (
					"DEBUG=1",
					"$(inherited)",
				);
				INFOPLIST_FILE = "RepetitionsTests/RepetitionsTests-Info.plist";
				PRODUCT_NAME = "$(TARGET_NAME)";
				TEST_HOST = "$(BUNDLE_LOADER)";
				WRAPPER_EXTENSION = xctest;
			};
			name = Debug;
		};
		37C6772E18FC798500D7644F /* Release */ = {
			isa = XCBuildConfiguration;
			buildSettings = {
				BUNDLE_LOADER = "$(BUILT_PRODUCTS_DIR)/Repetitions.app/Repetitions";
				FRAMEWORK_SEARCH_PATHS = (
					"$(SDKROOT)/Developer/Library/Frameworks",
					"$(inherited)",
					"$(DEVELOPER_FRAMEWORKS_DIR)",
				);
				GCC_PRECOMPILE_PREFIX_HEADER = YES;
				GCC_PREFIX_HEADER = "Repetitions/Repetitions-Prefix.pch";
				INFOPLIST_FILE = "RepetitionsTests/RepetitionsTests-Info.plist";
				PRODUCT_NAME = "$(TARGET_NAME)";
				TEST_HOST = "$(BUNDLE_LOADER)";
				WRAPPER_EXTENSION = xctest;
			};
			name = Release;
		};
/* End XCBuildConfiguration section */

/* Begin XCConfigurationList section */
		37C676F218FC798500D7644F /* Build configuration list for PBXProject "Repetitions" */ = {
			isa = XCConfigurationList;
			buildConfigurations = (
				37C6772718FC798500D7644F /* Debug */,
				37C6772818FC798500D7644F /* Release */,
			);
			defaultConfigurationIsVisible = 0;
			defaultConfigurationName = Release;
		};
		37C6772918FC798500D7644F /* Build configuration list for PBXNativeTarget "Repetitions" */ = {
			isa = XCConfigurationList;
			buildConfigurations = (
				37C6772A18FC798500D7644F /* Debug */,
				37C6772B18FC798500D7644F /* Release */,
			);
			defaultConfigurationIsVisible = 0;
			defaultConfigurationName = Release;
		};
		37C6772C18FC798500D7644F /* Build configuration list for PBXNativeTarget "RepetitionsTests" */ = {
			isa = XCConfigurationList;
			buildConfigurations = (
				37C6772D18FC798500D7644F /* Debug */,
				37C6772E18FC798500D7644F /* Release */,
			);
			defaultConfigurationIsVisible = 0;
			defaultConfigurationName = Release;
		};
/* End XCConfigurationList section */
	};
	rootObject = 37C676EF18FC798500D7644F /* Project object */;
}
